
Microsoft Visual Studio Solution File, Format Version 12.00
# Visual Studio Version 17
VisualStudioVersion = 17.6.33829.357
MinimumVisualStudioVersion = 10.0.40219.1
Project("{54A90642-561A-4BB1-A94E-469ADEE60C69}") = "vueapp", "vueapp\vueapp.esproj", "{989C5F1D-A8F0-474A-A46E-2F68449649FB}"
EndProject
Project("{9A19103F-16F7-4668-BE54-9A1E7A4F7556}") = "webapi", "webapi\webapi.csproj", "{1AE93F20-A112-48F0-BF11-32A5C0A23B59}"
EndProject
Global
	GlobalSection(SolutionConfigurationPlatforms) = preSolution
		Debug|Any CPU = Debug|Any CPU
		Release|Any CPU = Release|Any CPU
	EndGlobalSection
	GlobalSection(ProjectConfigurationPlatforms) = postSolution
		{989C5F1D-A8F0-474A-A46E-2F68449649FB}.Debug|Any CPU.ActiveCfg = Debug|Any CPU
		{989C5F1D-A8F0-474A-A46E-2F68449649FB}.Debug|Any CPU.Build.0 = Debug|Any CPU
		{989C5F1D-A8F0-474A-A46E-2F68449649FB}.Debug|Any CPU.Deploy.0 = Debug|Any CPU
		{989C5F1D-A8F0-474A-A46E-2F68449649FB}.Release|Any CPU.ActiveCfg = Release|Any CPU
		{989C5F1D-A8F0-474A-A46E-2F68449649FB}.Release|Any CPU.Build.0 = Release|Any CPU
		{989C5F1D-A8F0-474A-A46E-2F68449649FB}.Release|Any CPU.Deploy.0 = Release|Any CPU
		{1AE93F20-A112-48F0-BF11-32A5C0A23B59}.Debug|Any CPU.ActiveCfg = Debug|Any CPU
		{1AE93F20-A112-48F0-BF11-32A5C0A23B59}.Debug|Any CPU.Build.0 = Debug|Any CPU
		{1AE93F20-A112-48F0-BF11-32A5C0A23B59}.Release|Any CPU.ActiveCfg = Release|Any CPU
		{1AE93F20-A112-48F0-BF11-32A5C0A23B59}.Release|Any CPU.Build.0 = Release|Any CPU
	EndGlobalSection
	GlobalSection(SolutionProperties) = preSolution
		HideSolutionNode = FALSE
	EndGlobalSection
	GlobalSection(ExtensibilityGlobals) = postSolution
		SolutionGuid = {19A56714-7A01-47AE-8885-A7F4FE32CCE3}
	EndGlobalSection
EndGlobal
